// !$*UTF8*$!
{
	archiveVersion = 1;
	classes = {
	};
	objectVersion = 56;
	objects = {

/* Begin PBXBuildFile section */
		DF203E252B4798630042C6AB /* SimpleWidget.swift in Sources */ = {isa = PBXBuildFile; fileRef = DF203E242B4798630042C6AB /* SimpleWidget.swift */; };
		DFEF661E2B475BD1002564B4 /* TranquilApp.swift in Sources */ = {isa = PBXBuildFile; fileRef = DFEF661D2B475BD1002564B4 /* TranquilApp.swift */; };
		DFEF66202B475BD1002564B4 /* ContentView.swift in Sources */ = {isa = PBXBuildFile; fileRef = DFEF661F2B475BD1002564B4 /* ContentView.swift */; };
		DFEF66222B475BD1002564B4 /* Assets.xcassets in Resources */ = {isa = PBXBuildFile; fileRef = DFEF66212B475BD1002564B4 /* Assets.xcassets */; };
		DFEF66252B475BD1002564B4 /* Preview Assets.xcassets in Resources */ = {isa = PBXBuildFile; fileRef = DFEF66242B475BD1002564B4 /* Preview Assets.xcassets */; };
		DFEF662F2B475BD1002564B4 /* TranquilTests.swift in Sources */ = {isa = PBXBuildFile; fileRef = DFEF662E2B475BD1002564B4 /* TranquilTests.swift */; };
		DFEF66392B475BD2002564B4 /* TranquilUITests.swift in Sources */ = {isa = PBXBuildFile; fileRef = DFEF66382B475BD2002564B4 /* TranquilUITests.swift */; };
		DFEF663B2B475BD2002564B4 /* TranquilUITestsLaunchTests.swift in Sources */ = {isa = PBXBuildFile; fileRef = DFEF663A2B475BD2002564B4 /* TranquilUITestsLaunchTests.swift */; };
		DFEF664E2B475BEB002564B4 /* WidgetKit.framework in Frameworks */ = {isa = PBXBuildFile; fileRef = DFEF664D2B475BEB002564B4 /* WidgetKit.framework */; };
		DFEF66502B475BEB002564B4 /* SwiftUI.framework in Frameworks */ = {isa = PBXBuildFile; fileRef = DFEF664F2B475BEB002564B4 /* SwiftUI.framework */; };
		DFEF66532B475BEB002564B4 /* Tranquil_WidgetBundle.swift in Sources */ = {isa = PBXBuildFile; fileRef = DFEF66522B475BEB002564B4 /* Tranquil_WidgetBundle.swift */; };
		DFEF66552B475BEB002564B4 /* Tranquil_Widget.swift in Sources */ = {isa = PBXBuildFile; fileRef = DFEF66542B475BEB002564B4 /* Tranquil_Widget.swift */; };
		DFEF66572B475BEB002564B4 /* AppIntent.swift in Sources */ = {isa = PBXBuildFile; fileRef = DFEF66562B475BEB002564B4 /* AppIntent.swift */; };
		DFEF66592B475BEC002564B4 /* Assets.xcassets in Resources */ = {isa = PBXBuildFile; fileRef = DFEF66582B475BEC002564B4 /* Assets.xcassets */; };
		DFEF665D2B475BEC002564B4 /* Tranquil WidgetExtension.appex in Embed Foundation Extensions */ = {isa = PBXBuildFile; fileRef = DFEF664B2B475BEB002564B4 /* Tranquil WidgetExtension.appex */; settings = {ATTRIBUTES = (RemoveHeadersOnCopy, ); }; };
/* End PBXBuildFile section */

/* Begin PBXContainerItemProxy section */
		DFEF662B2B475BD1002564B4 /* PBXContainerItemProxy */ = {
			isa = PBXContainerItemProxy;
			containerPortal = DFEF66122B475BD1002564B4 /* Project object */;
			proxyType = 1;
			remoteGlobalIDString = DFEF66192B475BD1002564B4;
			remoteInfo = Tranquil;
		};
		DFEF66352B475BD2002564B4 /* PBXContainerItemProxy */ = {
			isa = PBXContainerItemProxy;
			containerPortal = DFEF66122B475BD1002564B4 /* Project object */;
			proxyType = 1;
			remoteGlobalIDString = DFEF66192B475BD1002564B4;
			remoteInfo = Tranquil;
		};
		DFEF665B2B475BEC002564B4 /* PBXContainerItemProxy */ = {
			isa = PBXContainerItemProxy;
			containerPortal = DFEF66122B475BD1002564B4 /* Project object */;
			proxyType = 1;
			remoteGlobalIDString = DFEF664A2B475BEB002564B4;
			remoteInfo = "Tranquil WidgetExtension";
		};
/* End PBXContainerItemProxy section */

/* Begin PBXCopyFilesBuildPhase section */
		DFEF66612B475BEC002564B4 /* Embed Foundation Extensions */ = {
			isa = PBXCopyFilesBuildPhase;
			buildActionMask = 2147483647;
			dstPath = "";
			dstSubfolderSpec = 13;
			files = (
				DFEF665D2B475BEC002564B4 /* Tranquil WidgetExtension.appex in Embed Foundation Extensions */,
			);
			name = "Embed Foundation Extensions";
			runOnlyForDeploymentPostprocessing = 0;
		};
/* End PBXCopyFilesBuildPhase section */

/* Begin PBXFileReference section */
		DF203E242B4798630042C6AB /* SimpleWidget.swift */ = {isa = PBXFileReference; lastKnownFileType = sourcecode.swift; path = SimpleWidget.swift; sourceTree = "<group>"; };
		DFC77ADF2B478BAA00E9932D /* Tranquil.entitlements */ = {isa = PBXFileReference; lastKnownFileType = text.plist.entitlements; path = Tranquil.entitlements; sourceTree = "<group>"; };
		DFC77AE02B478C3A00E9932D /* Tranquil WidgetExtension.entitlements */ = {isa = PBXFileReference; lastKnownFileType = text.plist.entitlements; path = "Tranquil WidgetExtension.entitlements"; sourceTree = "<group>"; };
		DFEF661A2B475BD1002564B4 /* Tranquil.app */ = {isa = PBXFileReference; explicitFileType = wrapper.application; includeInIndex = 0; path = Tranquil.app; sourceTree = BUILT_PRODUCTS_DIR; };
		DFEF661D2B475BD1002564B4 /* TranquilApp.swift */ = {isa = PBXFileReference; lastKnownFileType = sourcecode.swift; path = TranquilApp.swift; sourceTree = "<group>"; };
		DFEF661F2B475BD1002564B4 /* ContentView.swift */ = {isa = PBXFileReference; lastKnownFileType = sourcecode.swift; path = ContentView.swift; sourceTree = "<group>"; };
		DFEF66212B475BD1002564B4 /* Assets.xcassets */ = {isa = PBXFileReference; lastKnownFileType = folder.assetcatalog; path = Assets.xcassets; sourceTree = "<group>"; };
		DFEF66242B475BD1002564B4 /* Preview Assets.xcassets */ = {isa = PBXFileReference; lastKnownFileType = folder.assetcatalog; path = "Preview Assets.xcassets"; sourceTree = "<group>"; };
		DFEF662A2B475BD1002564B4 /* TranquilTests.xctest */ = {isa = PBXFileReference; explicitFileType = wrapper.cfbundle; includeInIndex = 0; path = TranquilTests.xctest; sourceTree = BUILT_PRODUCTS_DIR; };
		DFEF662E2B475BD1002564B4 /* TranquilTests.swift */ = {isa = PBXFileReference; lastKnownFileType = sourcecode.swift; path = TranquilTests.swift; sourceTree = "<group>"; };
		DFEF66342B475BD2002564B4 /* TranquilUITests.xctest */ = {isa = PBXFileReference; explicitFileType = wrapper.cfbundle; includeInIndex = 0; path = TranquilUITests.xctest; sourceTree = BUILT_PRODUCTS_DIR; };
		DFEF66382B475BD2002564B4 /* TranquilUITests.swift */ = {isa = PBXFileReference; lastKnownFileType = sourcecode.swift; path = TranquilUITests.swift; sourceTree = "<group>"; };
		DFEF663A2B475BD2002564B4 /* TranquilUITestsLaunchTests.swift */ = {isa = PBXFileReference; lastKnownFileType = sourcecode.swift; path = TranquilUITestsLaunchTests.swift; sourceTree = "<group>"; };
		DFEF664B2B475BEB002564B4 /* Tranquil WidgetExtension.appex */ = {isa = PBXFileReference; explicitFileType = "wrapper.app-extension"; includeInIndex = 0; path = "Tranquil WidgetExtension.appex"; sourceTree = BUILT_PRODUCTS_DIR; };
		DFEF664D2B475BEB002564B4 /* WidgetKit.framework */ = {isa = PBXFileReference; lastKnownFileType = wrapper.framework; name = WidgetKit.framework; path = System/Library/Frameworks/WidgetKit.framework; sourceTree = SDKROOT; };
		DFEF664F2B475BEB002564B4 /* SwiftUI.framework */ = {isa = PBXFileReference; lastKnownFileType = wrapper.framework; name = SwiftUI.framework; path = System/Library/Frameworks/SwiftUI.framework; sourceTree = SDKROOT; };
		DFEF66522B475BEB002564B4 /* Tranquil_WidgetBundle.swift */ = {isa = PBXFileReference; lastKnownFileType = sourcecode.swift; path = Tranquil_WidgetBundle.swift; sourceTree = "<group>"; };
		DFEF66542B475BEB002564B4 /* Tranquil_Widget.swift */ = {isa = PBXFileReference; lastKnownFileType = sourcecode.swift; path = Tranquil_Widget.swift; sourceTree = "<group>"; };
		DFEF66562B475BEB002564B4 /* AppIntent.swift */ = {isa = PBXFileReference; lastKnownFileType = sourcecode.swift; path = AppIntent.swift; sourceTree = "<group>"; };
		DFEF66582B475BEC002564B4 /* Assets.xcassets */ = {isa = PBXFileReference; lastKnownFileType = folder.assetcatalog; path = Assets.xcassets; sourceTree = "<group>"; };
		DFEF665A2B475BEC002564B4 /* Info.plist */ = {isa = PBXFileReference; lastKnownFileType = text.plist.xml; path = Info.plist; sourceTree = "<group>"; };
		DFEF66622B475C5E002564B4 /* Info.plist */ = {isa = PBXFileReference; lastKnownFileType = text.plist; path = Info.plist; sourceTree = "<group>"; };
/* End PBXFileReference section */

/* Begin PBXFrameworksBuildPhase section */
		DFEF66172B475BD1002564B4 /* Frameworks */ = {
			isa = PBXFrameworksBuildPhase;
			buildActionMask = 2147483647;
			files = (
			);
			runOnlyForDeploymentPostprocessing = 0;
		};
		DFEF66272B475BD1002564B4 /* Frameworks */ = {
			isa = PBXFrameworksBuildPhase;
			buildActionMask = 2147483647;
			files = (
			);
			runOnlyForDeploymentPostprocessing = 0;
		};
		DFEF66312B475BD2002564B4 /* Frameworks */ = {
			isa = PBXFrameworksBuildPhase;
			buildActionMask = 2147483647;
			files = (
			);
			runOnlyForDeploymentPostprocessing = 0;
		};
		DFEF66482B475BEB002564B4 /* Frameworks */ = {
			isa = PBXFrameworksBuildPhase;
			buildActionMask = 2147483647;
			files = (
				DFEF66502B475BEB002564B4 /* SwiftUI.framework in Frameworks */,
				DFEF664E2B475BEB002564B4 /* WidgetKit.framework in Frameworks */,
			);
			runOnlyForDeploymentPostprocessing = 0;
		};
/* End PBXFrameworksBuildPhase section */

/* Begin PBXGroup section */
		DFEF66112B475BD1002564B4 = {
			isa = PBXGroup;
			children = (
				DFC77AE02B478C3A00E9932D /* Tranquil WidgetExtension.entitlements */,
				DFEF661C2B475BD1002564B4 /* Tranquil */,
				DFEF662D2B475BD1002564B4 /* TranquilTests */,
				DFEF66372B475BD2002564B4 /* TranquilUITests */,
				DFEF66512B475BEB002564B4 /* Tranquil Widget */,
				DFEF664C2B475BEB002564B4 /* Frameworks */,
				DFEF661B2B475BD1002564B4 /* Products */,
			);
			sourceTree = "<group>";
		};
		DFEF661B2B475BD1002564B4 /* Products */ = {
			isa = PBXGroup;
			children = (
				DFEF661A2B475BD1002564B4 /* Tranquil.app */,
				DFEF662A2B475BD1002564B4 /* TranquilTests.xctest */,
				DFEF66342B475BD2002564B4 /* TranquilUITests.xctest */,
				DFEF664B2B475BEB002564B4 /* Tranquil WidgetExtension.appex */,
			);
			name = Products;
			sourceTree = "<group>";
		};
		DFEF661C2B475BD1002564B4 /* Tranquil */ = {
			isa = PBXGroup;
			children = (
				DFC77ADF2B478BAA00E9932D /* Tranquil.entitlements */,
				DFEF66622B475C5E002564B4 /* Info.plist */,
				DFEF661D2B475BD1002564B4 /* TranquilApp.swift */,
				DFEF661F2B475BD1002564B4 /* ContentView.swift */,
				DFEF66212B475BD1002564B4 /* Assets.xcassets */,
				DFEF66232B475BD1002564B4 /* Preview Content */,
			);
			path = Tranquil;
			sourceTree = "<group>";
		};
		DFEF66232B475BD1002564B4 /* Preview Content */ = {
			isa = PBXGroup;
			children = (
				DFEF66242B475BD1002564B4 /* Preview Assets.xcassets */,
			);
			path = "Preview Content";
			sourceTree = "<group>";
		};
		DFEF662D2B475BD1002564B4 /* TranquilTests */ = {
			isa = PBXGroup;
			children = (
				DFEF662E2B475BD1002564B4 /* TranquilTests.swift */,
			);
			path = TranquilTests;
			sourceTree = "<group>";
		};
		DFEF66372B475BD2002564B4 /* TranquilUITests */ = {
			isa = PBXGroup;
			children = (
				DFEF66382B475BD2002564B4 /* TranquilUITests.swift */,
				DFEF663A2B475BD2002564B4 /* TranquilUITestsLaunchTests.swift */,
			);
			path = TranquilUITests;
			sourceTree = "<group>";
		};
		DFEF664C2B475BEB002564B4 /* Frameworks */ = {
			isa = PBXGroup;
			children = (
				DFEF664D2B475BEB002564B4 /* WidgetKit.framework */,
				DFEF664F2B475BEB002564B4 /* SwiftUI.framework */,
			);
			name = Frameworks;
			sourceTree = "<group>";
		};
		DFEF66512B475BEB002564B4 /* Tranquil Widget */ = {
			isa = PBXGroup;
			children = (
				DFEF66522B475BEB002564B4 /* Tranquil_WidgetBundle.swift */,
				DFEF66542B475BEB002564B4 /* Tranquil_Widget.swift */,
				DF203E242B4798630042C6AB /* SimpleWidget.swift */,
				DFEF66562B475BEB002564B4 /* AppIntent.swift */,
				DFEF66582B475BEC002564B4 /* Assets.xcassets */,
				DFEF665A2B475BEC002564B4 /* Info.plist */,
			);
			path = "Tranquil Widget";
			sourceTree = "<group>";
		};
/* End PBXGroup section */

/* Begin PBXNativeTarget section */
		DFEF66192B475BD1002564B4 /* Tranquil */ = {
			isa = PBXNativeTarget;
			buildConfigurationList = DFEF663E2B475BD2002564B4 /* Build configuration list for PBXNativeTarget "Tranquil" */;
			buildPhases = (
				DFEF66162B475BD1002564B4 /* Sources */,
				DFEF66172B475BD1002564B4 /* Frameworks */,
				DFEF66182B475BD1002564B4 /* Resources */,
				DFEF66612B475BEC002564B4 /* Embed Foundation Extensions */,
			);
			buildRules = (
			);
			dependencies = (
				DFEF665C2B475BEC002564B4 /* PBXTargetDependency */,
			);
			name = Tranquil;
			productName = Tranquil;
			productReference = DFEF661A2B475BD1002564B4 /* Tranquil.app */;
			productType = "com.apple.product-type.application";
		};
		DFEF66292B475BD1002564B4 /* TranquilTests */ = {
			isa = PBXNativeTarget;
			buildConfigurationList = DFEF66412B475BD2002564B4 /* Build configuration list for PBXNativeTarget "TranquilTests" */;
			buildPhases = (
				DFEF66262B475BD1002564B4 /* Sources */,
				DFEF66272B475BD1002564B4 /* Frameworks */,
				DFEF66282B475BD1002564B4 /* Resources */,
			);
			buildRules = (
			);
			dependencies = (
				DFEF662C2B475BD1002564B4 /* PBXTargetDependency */,
			);
			name = TranquilTests;
			productName = TranquilTests;
			productReference = DFEF662A2B475BD1002564B4 /* TranquilTests.xctest */;
			productType = "com.apple.product-type.bundle.unit-test";
		};
		DFEF66332B475BD2002564B4 /* TranquilUITests */ = {
			isa = PBXNativeTarget;
			buildConfigurationList = DFEF66442B475BD2002564B4 /* Build configuration list for PBXNativeTarget "TranquilUITests" */;
			buildPhases = (
				DFEF66302B475BD2002564B4 /* Sources */,
				DFEF66312B475BD2002564B4 /* Frameworks */,
				DFEF66322B475BD2002564B4 /* Resources */,
			);
			buildRules = (
			);
			dependencies = (
				DFEF66362B475BD2002564B4 /* PBXTargetDependency */,
			);
			name = TranquilUITests;
			productName = TranquilUITests;
			productReference = DFEF66342B475BD2002564B4 /* TranquilUITests.xctest */;
			productType = "com.apple.product-type.bundle.ui-testing";
		};
		DFEF664A2B475BEB002564B4 /* Tranquil WidgetExtension */ = {
			isa = PBXNativeTarget;
			buildConfigurationList = DFEF665E2B475BEC002564B4 /* Build configuration list for PBXNativeTarget "Tranquil WidgetExtension" */;
			buildPhases = (
				DFEF66472B475BEB002564B4 /* Sources */,
				DFEF66482B475BEB002564B4 /* Frameworks */,
				DFEF66492B475BEB002564B4 /* Resources */,
			);
			buildRules = (
			);
			dependencies = (
			);
			name = "Tranquil WidgetExtension";
			productName = "Tranquil WidgetExtension";
			productReference = DFEF664B2B475BEB002564B4 /* Tranquil WidgetExtension.appex */;
			productType = "com.apple.product-type.app-extension";
		};
/* End PBXNativeTarget section */

/* Begin PBXProject section */
		DFEF66122B475BD1002564B4 /* Project object */ = {
			isa = PBXProject;
			attributes = {
				BuildIndependentTargetsInParallel = 1;
				LastSwiftUpdateCheck = 1510;
				LastUpgradeCheck = 1510;
				TargetAttributes = {
					DFEF66192B475BD1002564B4 = {
						CreatedOnToolsVersion = 15.1;
					};
					DFEF66292B475BD1002564B4 = {
						CreatedOnToolsVersion = 15.1;
						TestTargetID = DFEF66192B475BD1002564B4;
					};
					DFEF66332B475BD2002564B4 = {
						CreatedOnToolsVersion = 15.1;
						TestTargetID = DFEF66192B475BD1002564B4;
					};
					DFEF664A2B475BEB002564B4 = {
						CreatedOnToolsVersion = 15.1;
					};
				};
			};
			buildConfigurationList = DFEF66152B475BD1002564B4 /* Build configuration list for PBXProject "Tranqil" */;
			compatibilityVersion = "Xcode 14.0";
			developmentRegion = en;
			hasScannedForEncodings = 0;
			knownRegions = (
				en,
				Base,
			);
			mainGroup = DFEF66112B475BD1002564B4;
			productRefGroup = DFEF661B2B475BD1002564B4 /* Products */;
			projectDirPath = "";
			projectRoot = "";
			targets = (
				DFEF66192B475BD1002564B4 /* Tranquil */,
				DFEF66292B475BD1002564B4 /* TranquilTests */,
				DFEF66332B475BD2002564B4 /* TranquilUITests */,
				DFEF664A2B475BEB002564B4 /* Tranquil WidgetExtension */,
			);
		};
/* End PBXProject section */

/* Begin PBXResourcesBuildPhase section */
		DFEF66182B475BD1002564B4 /* Resources */ = {
			isa = PBXResourcesBuildPhase;
			buildActionMask = 2147483647;
			files = (
				DFEF66252B475BD1002564B4 /* Preview Assets.xcassets in Resources */,
				DFEF66222B475BD1002564B4 /* Assets.xcassets in Resources */,
			);
			runOnlyForDeploymentPostprocessing = 0;
		};
		DFEF66282B475BD1002564B4 /* Resources */ = {
			isa = PBXResourcesBuildPhase;
			buildActionMask = 2147483647;
			files = (
			);
			runOnlyForDeploymentPostprocessing = 0;
		};
		DFEF66322B475BD2002564B4 /* Resources */ = {
			isa = PBXResourcesBuildPhase;
			buildActionMask = 2147483647;
			files = (
			);
			runOnlyForDeploymentPostprocessing = 0;
		};
		DFEF66492B475BEB002564B4 /* Resources */ = {
			isa = PBXResourcesBuildPhase;
			buildActionMask = 2147483647;
			files = (
				DFEF66592B475BEC002564B4 /* Assets.xcassets in Resources */,
			);
			runOnlyForDeploymentPostprocessing = 0;
		};
/* End PBXResourcesBuildPhase section */

/* Begin PBXSourcesBuildPhase section */
		DFEF66162B475BD1002564B4 /* Sources */ = {
			isa = PBXSourcesBuildPhase;
			buildActionMask = 2147483647;
			files = (
				DFEF66202B475BD1002564B4 /* ContentView.swift in Sources */,
				DFEF661E2B475BD1002564B4 /* TranquilApp.swift in Sources */,
			);
			runOnlyForDeploymentPostprocessing = 0;
		};
		DFEF66262B475BD1002564B4 /* Sources */ = {
			isa = PBXSourcesBuildPhase;
			buildActionMask = 2147483647;
			files = (
				DFEF662F2B475BD1002564B4 /* TranquilTests.swift in Sources */,
			);
			runOnlyForDeploymentPostprocessing = 0;
		};
		DFEF66302B475BD2002564B4 /* Sources */ = {
			isa = PBXSourcesBuildPhase;
			buildActionMask = 2147483647;
			files = (
				DFEF663B2B475BD2002564B4 /* TranquilUITestsLaunchTests.swift in Sources */,
				DFEF66392B475BD2002564B4 /* TranquilUITests.swift in Sources */,
			);
			runOnlyForDeploymentPostprocessing = 0;
		};
		DFEF66472B475BEB002564B4 /* Sources */ = {
			isa = PBXSourcesBuildPhase;
			buildActionMask = 2147483647;
			files = (
				DFEF66532B475BEB002564B4 /* Tranquil_WidgetBundle.swift in Sources */,
				DFEF66552B475BEB002564B4 /* Tranquil_Widget.swift in Sources */,
				DFEF66572B475BEB002564B4 /* AppIntent.swift in Sources */,
				DF203E252B4798630042C6AB /* SimpleWidget.swift in Sources */,
			);
			runOnlyForDeploymentPostprocessing = 0;
		};
/* End PBXSourcesBuildPhase section */

/* Begin PBXTargetDependency section */
		DFEF662C2B475BD1002564B4 /* PBXTargetDependency */ = {
			isa = PBXTargetDependency;
			target = DFEF66192B475BD1002564B4 /* Tranquil */;
			targetProxy = DFEF662B2B475BD1002564B4 /* PBXContainerItemProxy */;
		};
		DFEF66362B475BD2002564B4 /* PBXTargetDependency */ = {
			isa = PBXTargetDependency;
			target = DFEF66192B475BD1002564B4 /* Tranquil */;
			targetProxy = DFEF66352B475BD2002564B4 /* PBXContainerItemProxy */;
		};
		DFEF665C2B475BEC002564B4 /* PBXTargetDependency */ = {
			isa = PBXTargetDependency;
			target = DFEF664A2B475BEB002564B4 /* Tranquil WidgetExtension */;
			targetProxy = DFEF665B2B475BEC002564B4 /* PBXContainerItemProxy */;
		};
/* End PBXTargetDependency section */

/* Begin XCBuildConfiguration section */
		DFEF663C2B475BD2002564B4 /* Debug */ = {
			isa = XCBuildConfiguration;
			buildSettings = {
				ALWAYS_SEARCH_USER_PATHS = NO;
				ASSETCATALOG_COMPILER_GENERATE_SWIFT_ASSET_SYMBOL_EXTENSIONS = YES;
				CLANG_ANALYZER_NONNULL = YES;
				CLANG_ANALYZER_NUMBER_OBJECT_CONVERSION = YES_AGGRESSIVE;
				CLANG_CXX_LANGUAGE_STANDARD = "gnu++20";
				CLANG_ENABLE_MODULES = YES;
				CLANG_ENABLE_OBJC_ARC = YES;
				CLANG_ENABLE_OBJC_WEAK = YES;
				CLANG_WARN_BLOCK_CAPTURE_AUTORELEASING = YES;
				CLANG_WARN_BOOL_CONVERSION = YES;
				CLANG_WARN_COMMA = YES;
				CLANG_WARN_CONSTANT_CONVERSION = YES;
				CLANG_WARN_DEPRECATED_OBJC_IMPLEMENTATIONS = YES;
				CLANG_WARN_DIRECT_OBJC_ISA_USAGE = YES_ERROR;
				CLANG_WARN_DOCUMENTATION_COMMENTS = YES;
				CLANG_WARN_EMPTY_BODY = YES;
				CLANG_WARN_ENUM_CONVERSION = YES;
				CLANG_WARN_INFINITE_RECURSION = YES;
				CLANG_WARN_INT_CONVERSION = YES;
				CLANG_WARN_NON_LITERAL_NULL_CONVERSION = YES;
				CLANG_WARN_OBJC_IMPLICIT_RETAIN_SELF = YES;
				CLANG_WARN_OBJC_LITERAL_CONVERSION = YES;
				CLANG_WARN_OBJC_ROOT_CLASS = YES_ERROR;
				CLANG_WARN_QUOTED_INCLUDE_IN_FRAMEWORK_HEADER = YES;
				CLANG_WARN_RANGE_LOOP_ANALYSIS = YES;
				CLANG_WARN_STRICT_PROTOTYPES = YES;
				CLANG_WARN_SUSPICIOUS_MOVE = YES;
				CLANG_WARN_UNGUARDED_AVAILABILITY = YES_AGGRESSIVE;
				CLANG_WARN_UNREACHABLE_CODE = YES;
				CLANG_WARN__DUPLICATE_METHOD_MATCH = YES;
				COPY_PHASE_STRIP = NO;
				DEBUG_INFORMATION_FORMAT = dwarf;
				ENABLE_STRICT_OBJC_MSGSEND = YES;
				ENABLE_TESTABILITY = YES;
				ENABLE_USER_SCRIPT_SANDBOXING = YES;
				GCC_C_LANGUAGE_STANDARD = gnu17;
				GCC_DYNAMIC_NO_PIC = NO;
				GCC_NO_COMMON_BLOCKS = YES;
				GCC_OPTIMIZATION_LEVEL = 0;
				GCC_PREPROCESSOR_DEFINITIONS = (
					"DEBUG=1",
					"$(inherited)",
				);
				GCC_WARN_64_TO_32_BIT_CONVERSION = YES;
				GCC_WARN_ABOUT_RETURN_TYPE = YES_ERROR;
				GCC_WARN_UNDECLARED_SELECTOR = YES;
				GCC_WARN_UNINITIALIZED_AUTOS = YES_AGGRESSIVE;
				GCC_WARN_UNUSED_FUNCTION = YES;
				GCC_WARN_UNUSED_VARIABLE = YES;
				IPHONEOS_DEPLOYMENT_TARGET = 17.2;
				LOCALIZATION_PREFERS_STRING_CATALOGS = YES;
				MTL_ENABLE_DEBUG_INFO = INCLUDE_SOURCE;
				MTL_FAST_MATH = YES;
				ONLY_ACTIVE_ARCH = YES;
				SDKROOT = iphoneos;
				SWIFT_ACTIVE_COMPILATION_CONDITIONS = "DEBUG $(inherited)";
				SWIFT_OPTIMIZATION_LEVEL = "-Onone";
			};
			name = Debug;
		};
		DFEF663D2B475BD2002564B4 /* Release */ = {
			isa = XCBuildConfiguration;
			buildSettings = {
				ALWAYS_SEARCH_USER_PATHS = NO;
				ASSETCATALOG_COMPILER_GENERATE_SWIFT_ASSET_SYMBOL_EXTENSIONS = YES;
				CLANG_ANALYZER_NONNULL = YES;
				CLANG_ANALYZER_NUMBER_OBJECT_CONVERSION = YES_AGGRESSIVE;
				CLANG_CXX_LANGUAGE_STANDARD = "gnu++20";
				CLANG_ENABLE_MODULES = YES;
				CLANG_ENABLE_OBJC_ARC = YES;
				CLANG_ENABLE_OBJC_WEAK = YES;
				CLANG_WARN_BLOCK_CAPTURE_AUTORELEASING = YES;
				CLANG_WARN_BOOL_CONVERSION = YES;
				CLANG_WARN_COMMA = YES;
				CLANG_WARN_CONSTANT_CONVERSION = YES;
				CLANG_WARN_DEPRECATED_OBJC_IMPLEMENTATIONS = YES;
				CLANG_WARN_DIRECT_OBJC_ISA_USAGE = YES_ERROR;
				CLANG_WARN_DOCUMENTATION_COMMENTS = YES;
				CLANG_WARN_EMPTY_BODY = YES;
				CLANG_WARN_ENUM_CONVERSION = YES;
				CLANG_WARN_INFINITE_RECURSION = YES;
				CLANG_WARN_INT_CONVERSION = YES;
				CLANG_WARN_NON_LITERAL_NULL_CONVERSION = YES;
				CLANG_WARN_OBJC_IMPLICIT_RETAIN_SELF = YES;
				CLANG_WARN_OBJC_LITERAL_CONVERSION = YES;
				CLANG_WARN_OBJC_ROOT_CLASS = YES_ERROR;
				CLANG_WARN_QUOTED_INCLUDE_IN_FRAMEWORK_HEADER = YES;
				CLANG_WARN_RANGE_LOOP_ANALYSIS = YES;
				CLANG_WARN_STRICT_PROTOTYPES = YES;
				CLANG_WARN_SUSPICIOUS_MOVE = YES;
				CLANG_WARN_UNGUARDED_AVAILABILITY = YES_AGGRESSIVE;
				CLANG_WARN_UNREACHABLE_CODE = YES;
				CLANG_WARN__DUPLICATE_METHOD_MATCH = YES;
				COPY_PHASE_STRIP = NO;
				DEBUG_INFORMATION_FORMAT = "dwarf-with-dsym";
				ENABLE_NS_ASSERTIONS = NO;
				ENABLE_STRICT_OBJC_MSGSEND = YES;
				ENABLE_USER_SCRIPT_SANDBOXING = YES;
				GCC_C_LANGUAGE_STANDARD = gnu17;
				GCC_NO_COMMON_BLOCKS = YES;
				GCC_WARN_64_TO_32_BIT_CONVERSION = YES;
				GCC_WARN_ABOUT_RETURN_TYPE = YES_ERROR;
				GCC_WARN_UNDECLARED_SELECTOR = YES;
				GCC_WARN_UNINITIALIZED_AUTOS = YES_AGGRESSIVE;
				GCC_WARN_UNUSED_FUNCTION = YES;
				GCC_WARN_UNUSED_VARIABLE = YES;
				IPHONEOS_DEPLOYMENT_TARGET = 17.2;
				LOCALIZATION_PREFERS_STRING_CATALOGS = YES;
				MTL_ENABLE_DEBUG_INFO = NO;
				MTL_FAST_MATH = YES;
				SDKROOT = iphoneos;
				SWIFT_COMPILATION_MODE = wholemodule;
				VALIDATE_PRODUCT = YES;
			};
			name = Release;
		};
		DFEF663F2B475BD2002564B4 /* Debug */ = {
			isa = XCBuildConfiguration;
			buildSettings = {
				ALWAYS_EMBED_SWIFT_STANDARD_LIBRARIES = YES;
				ASSETCATALOG_COMPILER_APPICON_NAME = AppIcon;
				ASSETCATALOG_COMPILER_GLOBAL_ACCENT_COLOR_NAME = AccentColor;
				CODE_SIGN_ENTITLEMENTS = Tranquil/Tranquil.entitlements;
				CODE_SIGN_STYLE = Automatic;
				CURRENT_PROJECT_VERSION = 1;
				DEVELOPMENT_ASSET_PATHS = "\"Tranquil/Preview Content\"";
				DEVELOPMENT_TEAM = LFCXN5QL9P;
				ENABLE_PREVIEWS = YES;
				GENERATE_INFOPLIST_FILE = YES;
				INFOPLIST_FILE = Tranquil/Info.plist;
				INFOPLIST_KEY_CFBundleDisplayName = " ";
				INFOPLIST_KEY_UIApplicationSceneManifest_Generation = YES;
				INFOPLIST_KEY_UIApplicationSupportsIndirectInputEvents = YES;
				INFOPLIST_KEY_UILaunchScreen_Generation = YES;
				INFOPLIST_KEY_UISupportedInterfaceOrientations = UIInterfaceOrientationPortrait;
				INFOPLIST_KEY_UISupportedInterfaceOrientations_iPad = "UIInterfaceOrientationLandscapeLeft UIInterfaceOrientationLandscapeRight UIInterfaceOrientationPortrait UIInterfaceOrientationPortraitUpsideDown";
				LD_RUNPATH_SEARCH_PATHS = (
					"$(inherited)",
					"@executable_path/Frameworks",
				);
				MARKETING_VERSION = 1.0;
				PRODUCT_BUNDLE_IDENTIFIER = com.knia.Tranquil;
				PRODUCT_NAME = "$(TARGET_NAME)";
				SWIFT_EMIT_LOC_STRINGS = YES;
				SWIFT_VERSION = 5.0;
				TARGETED_DEVICE_FAMILY = "1,2";
			};
			name = Debug;
		};
		DFEF66402B475BD2002564B4 /* Release */ = {
			isa = XCBuildConfiguration;
			buildSettings = {
				ALWAYS_EMBED_SWIFT_STANDARD_LIBRARIES = YES;
				ASSETCATALOG_COMPILER_APPICON_NAME = AppIcon;
				ASSETCATALOG_COMPILER_GLOBAL_ACCENT_COLOR_NAME = AccentColor;
				CODE_SIGN_ENTITLEMENTS = Tranquil/Tranquil.entitlements;
				CODE_SIGN_STYLE = Automatic;
				CURRENT_PROJECT_VERSION = 1;
				DEVELOPMENT_ASSET_PATHS = "\"Tranquil/Preview Content\"";
				DEVELOPMENT_TEAM = LFCXN5QL9P;
				ENABLE_PREVIEWS = YES;
				GENERATE_INFOPLIST_FILE = YES;
				INFOPLIST_FILE = Tranquil/Info.plist;
				INFOPLIST_KEY_CFBundleDisplayName = " ";
				INFOPLIST_KEY_UIApplicationSceneManifest_Generation = YES;
				INFOPLIST_KEY_UIApplicationSupportsIndirectInputEvents = YES;
				INFOPLIST_KEY_UILaunchScreen_Generation = YES;
				INFOPLIST_KEY_UISupportedInterfaceOrientations = UIInterfaceOrientationPortrait;
				INFOPLIST_KEY_UISupportedInterfaceOrientations_iPad = "UIInterfaceOrientationLandscapeLeft UIInterfaceOrientationLandscapeRight UIInterfaceOrientationPortrait UIInterfaceOrientationPortraitUpsideDown";
				LD_RUNPATH_SEARCH_PATHS = (
					"$(inherited)",
					"@executable_path/Frameworks",
				);
				MARKETING_VERSION = 1.0;
				PRODUCT_BUNDLE_IDENTIFIER = com.knia.Tranquil;
				PRODUCT_NAME = "$(TARGET_NAME)";
				SWIFT_EMIT_LOC_STRINGS = YES;
				SWIFT_VERSION = 5.0;
				TARGETED_DEVICE_FAMILY = "1,2";
			};
			name = Release;
		};
		DFEF66422B475BD2002564B4 /* Debug */ = {
			isa = XCBuildConfiguration;
			buildSettings = {
				ALWAYS_EMBED_SWIFT_STANDARD_LIBRARIES = YES;
				BUNDLE_LOADER = "$(TEST_HOST)";
				CODE_SIGN_STYLE = Automatic;
				CURRENT_PROJECT_VERSION = 1;
				DEVELOPMENT_TEAM = LFCXN5QL9P;
				GENERATE_INFOPLIST_FILE = YES;
				IPHONEOS_DEPLOYMENT_TARGET = 17.2;
				MARKETING_VERSION = 1.0;
				PRODUCT_BUNDLE_IDENTIFIER = com.knia.TranquilTests;
				PRODUCT_NAME = "$(TARGET_NAME)";
				SWIFT_EMIT_LOC_STRINGS = NO;
				SWIFT_VERSION = 5.0;
				TARGETED_DEVICE_FAMILY = "1,2";
				TEST_HOST = "$(BUILT_PRODUCTS_DIR)/Tranquil.app/$(BUNDLE_EXECUTABLE_FOLDER_PATH)/Tranquil";
			};
			name = Debug;
		};
		DFEF66432B475BD2002564B4 /* Release */ = {
			isa = XCBuildConfiguration;
			buildSettings = {
				ALWAYS_EMBED_SWIFT_STANDARD_LIBRARIES = YES;
				BUNDLE_LOADER = "$(TEST_HOST)";
				CODE_SIGN_STYLE = Automatic;
				CURRENT_PROJECT_VERSION = 1;
				DEVELOPMENT_TEAM = LFCXN5QL9P;
				GENERATE_INFOPLIST_FILE = YES;
				IPHONEOS_DEPLOYMENT_TARGET = 17.2;
				MARKETING_VERSION = 1.0;
				PRODUCT_BUNDLE_IDENTIFIER = com.knia.TranquilTests;
				PRODUCT_NAME = "$(TARGET_NAME)";
				SWIFT_EMIT_LOC_STRINGS = NO;
				SWIFT_VERSION = 5.0;
				TARGETED_DEVICE_FAMILY = "1,2";
				TEST_HOST = "$(BUILT_PRODUCTS_DIR)/Tranquil.app/$(BUNDLE_EXECUTABLE_FOLDER_PATH)/Tranquil";
			};
			name = Release;
		};
		DFEF66452B475BD2002564B4 /* Debug */ = {
			isa = XCBuildConfiguration;
			buildSettings = {
				ALWAYS_EMBED_SWIFT_STANDARD_LIBRARIES = YES;
				CODE_SIGN_STYLE = Automatic;
				CURRENT_PROJECT_VERSION = 1;
				DEVELOPMENT_TEAM = LFCXN5QL9P;
				GENERATE_INFOPLIST_FILE = YES;
				MARKETING_VERSION = 1.0;
				PRODUCT_BUNDLE_IDENTIFIER = com.knia.TranquilUITests;
				PRODUCT_NAME = "$(TARGET_NAME)";
				SWIFT_EMIT_LOC_STRINGS = NO;
				SWIFT_VERSION = 5.0;
				TARGETED_DEVICE_FAMILY = "1,2";
				TEST_TARGET_NAME = Tranquil;
			};
			name = Debug;
		};
		DFEF66462B475BD2002564B4 /* Release */ = {
			isa = XCBuildConfiguration;
			buildSettings = {
				ALWAYS_EMBED_SWIFT_STANDARD_LIBRARIES = YES;
				CODE_SIGN_STYLE = Automatic;
				CURRENT_PROJECT_VERSION = 1;
				DEVELOPMENT_TEAM = LFCXN5QL9P;
				GENERATE_INFOPLIST_FILE = YES;
				MARKETING_VERSION = 1.0;
				PRODUCT_BUNDLE_IDENTIFIER = com.knia.TranquilUITests;
				PRODUCT_NAME = "$(TARGET_NAME)";
				SWIFT_EMIT_LOC_STRINGS = NO;
				SWIFT_VERSION = 5.0;
				TARGETED_DEVICE_FAMILY = "1,2";
				TEST_TARGET_NAME = Tranquil;
			};
			name = Release;
		};
		DFEF665F2B475BEC002564B4 /* Debug */ = {
			isa = XCBuildConfiguration;
			buildSettings = {
				ASSETCATALOG_COMPILER_GLOBAL_ACCENT_COLOR_NAME = AccentColor;
				ASSETCATALOG_COMPILER_WIDGET_BACKGROUND_COLOR_NAME = WidgetBackground;
				CODE_SIGN_ENTITLEMENTS = "Tranquil WidgetExtension.entitlements";
				CODE_SIGN_STYLE = Automatic;
				CURRENT_PROJECT_VERSION = 1;
				DEVELOPMENT_TEAM = LFCXN5QL9P;
				GENERATE_INFOPLIST_FILE = YES;
				INFOPLIST_FILE = "Tranquil Widget/Info.plist";
				INFOPLIST_KEY_CFBundleDisplayName = "Tranquil Widget";
				INFOPLIST_KEY_NSHumanReadableCopyright = "";
				LD_RUNPATH_SEARCH_PATHS = (
					"$(inherited)",
					"@executable_path/Frameworks",
					"@executable_path/../../Frameworks",
				);
				MARKETING_VERSION = 1.0;
				PRODUCT_BUNDLE_IDENTIFIER = "com.knia.Tranquil.Tranquil-Widget";
				PRODUCT_NAME = "$(TARGET_NAME)";
				SKIP_INSTALL = YES;
				SWIFT_EMIT_LOC_STRINGS = YES;
				SWIFT_VERSION = 5.0;
				TARGETED_DEVICE_FAMILY = "1,2";
			};
			name = Debug;
		};
		DFEF66602B475BEC002564B4 /* Release */ = {
			isa = XCBuildConfiguration;
			buildSettings = {
				ASSETCATALOG_COMPILER_GLOBAL_ACCENT_COLOR_NAME = AccentColor;
				ASSETCATALOG_COMPILER_WIDGET_BACKGROUND_COLOR_NAME = WidgetBackground;
				CODE_SIGN_ENTITLEMENTS = "Tranquil WidgetExtension.entitlements";
				CODE_SIGN_STYLE = Automatic;
				CURRENT_PROJECT_VERSION = 1;
				DEVELOPMENT_TEAM = LFCXN5QL9P;
				GENERATE_INFOPLIST_FILE = YES;
				INFOPLIST_FILE = "Tranquil Widget/Info.plist";
				INFOPLIST_KEY_CFBundleDisplayName = "Tranquil Widget";
				INFOPLIST_KEY_NSHumanReadableCopyright = "";
				LD_RUNPATH_SEARCH_PATHS = (
					"$(inherited)",
					"@executable_path/Frameworks",
					"@executable_path/../../Frameworks",
				);
				MARKETING_VERSION = 1.0;
				PRODUCT_BUNDLE_IDENTIFIER = "com.knia.Tranquil.Tranquil-Widget";
				PRODUCT_NAME = "$(TARGET_NAME)";
				SKIP_INSTALL = YES;
				SWIFT_EMIT_LOC_STRINGS = YES;
				SWIFT_VERSION = 5.0;
				TARGETED_DEVICE_FAMILY = "1,2";
			};
			name = Release;
		};
/* End XCBuildConfiguration section */

/* Begin XCConfigurationList section */
		DFEF66152B475BD1002564B4 /* Build configuration list for PBXProject "Tranqil" */ = {
			isa = XCConfigurationList;
			buildConfigurations = (
				DFEF663C2B475BD2002564B4 /* Debug */,
				DFEF663D2B475BD2002564B4 /* Release */,
			);
			defaultConfigurationIsVisible = 0;
			defaultConfigurationName = Release;
		};
		DFEF663E2B475BD2002564B4 /* Build configuration list for PBXNativeTarget "Tranquil" */ = {
			isa = XCConfigurationList;
			buildConfigurations = (
				DFEF663F2B475BD2002564B4 /* Debug */,
				DFEF66402B475BD2002564B4 /* Release */,
			);
			defaultConfigurationIsVisible = 0;
			defaultConfigurationName = Release;
		};
		DFEF66412B475BD2002564B4 /* Build configuration list for PBXNativeTarget "TranquilTests" */ = {
			isa = XCConfigurationList;
			buildConfigurations = (
				DFEF66422B475BD2002564B4 /* Debug */,
				DFEF66432B475BD2002564B4 /* Release */,
			);
			defaultConfigurationIsVisible = 0;
			defaultConfigurationName = Release;
		};
		DFEF66442B475BD2002564B4 /* Build configuration list for PBXNativeTarget "TranquilUITests" */ = {
			isa = XCConfigurationList;
			buildConfigurations = (
				DFEF66452B475BD2002564B4 /* Debug */,
				DFEF66462B475BD2002564B4 /* Release */,
			);
			defaultConfigurationIsVisible = 0;
			defaultConfigurationName = Release;
		};
		DFEF665E2B475BEC002564B4 /* Build configuration list for PBXNativeTarget "Tranquil WidgetExtension" */ = {
			isa = XCConfigurationList;
			buildConfigurations = (
				DFEF665F2B475BEC002564B4 /* Debug */,
				DFEF66602B475BEC002564B4 /* Release */,
			);
			defaultConfigurationIsVisible = 0;
			defaultConfigurationName = Release;
		};
/* End XCConfigurationList section */
	};
	rootObject = DFEF66122B475BD1002564B4 /* Project object */;
}
